
Microsoft Visual Studio Solution File, Format Version 12.00
# Visual Studio 2017
Project("{FAE04EC0-301F-11D3-BF4B-00C04F79EFBC}") = "VikingQuest", "VikingQuest.csproj", "{2E1DA3BB-B323-7B2B-4D83-854A2C40E83C}"
EndProject
Project("{FAE04EC0-301F-11D3-BF4B-00C04F79EFBC}") = "VikingQuest.Editor", "VikingQuest.Editor.csproj", "{30527519-CD68-01CA-B0F4-05E27A49497E}"
EndProject
Global
	GlobalSection(SolutionConfigurationPlatforms) = preSolution
		Debug|Any CPU = Debug|Any CPU
		Release|Any CPU = Release|Any CPU
	EndGlobalSection
	GlobalSection(ProjectConfigurationPlatforms) = postSolution
		{2E1DA3BB-B323-7B2B-4D83-854A2C40E83C}.Debug|Any CPU.ActiveCfg = Debug|Any CPU
		{2E1DA3BB-B323-7B2B-4D83-854A2C40E83C}.Debug|Any CPU.Build.0 = Debug|Any CPU
		{2E1DA3BB-B323-7B2B-4D83-854A2C40E83C}.Release|Any CPU.ActiveCfg = Release|Any CPU
		{2E1DA3BB-B323-7B2B-4D83-854A2C40E83C}.Release|Any CPU.Build.0 = Release|Any CPU
		{30527519-CD68-01CA-B0F4-05E27A49497E}.Debug|Any CPU.ActiveCfg = Debug|Any CPU
		{30527519-CD68-01CA-B0F4-05E27A49497E}.Debug|Any CPU.Build.0 = Debug|Any CPU
		{30527519-CD68-01CA-B0F4-05E27A49497E}.Release|Any CPU.ActiveCfg = Release|Any CPU
		{30527519-CD68-01CA-B0F4-05E27A49497E}.Release|Any CPU.Build.0 = Release|Any CPU
	EndGlobalSection
	GlobalSection(SolutionProperties) = preSolution
		HideSolutionNode = FALSE
	EndGlobalSection
EndGlobal
